
Microsoft Visual Studio Solution File, Format Version 12.00
# Visual Studio Version 16
VisualStudioVersion = 16.0.30011.22
MinimumVisualStudioVersion = 10.0.40219.1
Project("{FAE04EC0-301F-11D3-BF4B-00C04F79EFBC}") = "Marain.Notifications.OpenApi", "Marain.Notifications.OpenApi\Marain.Notifications.OpenApi.csproj", "{0D6840EB-A5D1-403E-B502-723AAF4C5688}"
EndProject
Project("{FAE04EC0-301F-11D3-BF4B-00C04F79EFBC}") = "Marain.Notifications.Specs", "Marain.Notifications.Specs\Marain.Notifications.Specs.csproj", "{CA016EE2-2435-4E6D-B30D-27E545D24719}"
EndProject
Global
	GlobalSection(SolutionConfigurationPlatforms) = preSolution
		Debug|Any CPU = Debug|Any CPU
		Release|Any CPU = Release|Any CPU
	EndGlobalSection
	GlobalSection(ProjectConfigurationPlatforms) = postSolution
		{0D6840EB-A5D1-403E-B502-723AAF4C5688}.Debug|Any CPU.ActiveCfg = Debug|Any CPU
		{0D6840EB-A5D1-403E-B502-723AAF4C5688}.Debug|Any CPU.Build.0 = Debug|Any CPU
		{0D6840EB-A5D1-403E-B502-723AAF4C5688}.Release|Any CPU.ActiveCfg = Release|Any CPU
		{0D6840EB-A5D1-403E-B502-723AAF4C5688}.Release|Any CPU.Build.0 = Release|Any CPU
		{CA016EE2-2435-4E6D-B30D-27E545D24719}.Debug|Any CPU.ActiveCfg = Debug|Any CPU
		{CA016EE2-2435-4E6D-B30D-27E545D24719}.Debug|Any CPU.Build.0 = Debug|Any CPU
		{CA016EE2-2435-4E6D-B30D-27E545D24719}.Release|Any CPU.ActiveCfg = Release|Any CPU
		{CA016EE2-2435-4E6D-B30D-27E545D24719}.Release|Any CPU.Build.0 = Release|Any CPU
	EndGlobalSection
	GlobalSection(SolutionProperties) = preSolution
		HideSolutionNode = FALSE
	EndGlobalSection
	GlobalSection(ExtensibilityGlobals) = postSolution
		SolutionGuid = {118CE49C-AEFC-4868-B468-18749ADC3FC1}
	EndGlobalSection
EndGlobal
