
Microsoft Visual Studio Solution File, Format Version 12.00
# Visual Studio Version 16
VisualStudioVersion = 16.0.30011.22
MinimumVisualStudioVersion = 10.0.40219.1
Project("{9A19103F-16F7-4668-BE54-9A1E7A4F7556}") = "Marain.UserNotifications.OpenApi", "Marain.UserNotifications.OpenApi\Marain.UserNotifications.OpenApi.csproj", "{0D6840EB-A5D1-403E-B502-723AAF4C5688}"
EndProject
Project("{9A19103F-16F7-4668-BE54-9A1E7A4F7556}") = "Marain.UserNotifications.Specs", "Marain.UserNotifications.Specs\Marain.UserNotifications.Specs.csproj", "{CA016EE2-2435-4E6D-B30D-27E545D24719}"
EndProject
Project("{2150E333-8FDC-42A3-9474-1A3956D46DE8}") = "Solution Items", "Solution Items", "{5BBAD3F9-1764-4E22-8285-BEF85EBE848C}"
	ProjectSection(SolutionItems) = preProject
		.editorconfig = .editorconfig
		..\.gitignore = ..\.gitignore
		..\imm.yaml = ..\imm.yaml
		..\LICENSE = ..\LICENSE
		PackageIcon.png = PackageIcon.png
		..\README.md = ..\README.md
		stylecop.json = stylecop.json
		StyleCop.ruleset = StyleCop.ruleset
	EndProjectSection
EndProject
Project("{2150E333-8FDC-42A3-9474-1A3956D46DE8}") = "DevOps", "DevOps", "{97C784FC-DAF6-4C04-B588-70C01245FC61}"
	ProjectSection(SolutionItems) = preProject
		..\azure-pipelines.release.yml = ..\azure-pipelines.release.yml
		..\azure-pipelines.yml = ..\azure-pipelines.yml
		..\GitVersion.yml = ..\GitVersion.yml
	EndProjectSection
EndProject
Project("{2150E333-8FDC-42A3-9474-1A3956D46DE8}") = "Hosting", "Hosting", "{F87FC0E4-B4B0-4165-AA2F-C0E4E184E1AA}"
EndProject
Project("{9A19103F-16F7-4668-BE54-9A1E7A4F7556}") = "Marain.UserNotifications.Management.Host", "Marain.UserNotifications.Management.Host\Marain.UserNotifications.Management.Host.csproj", "{0177A15F-8354-421D-AB5E-435115865630}"
EndProject
Project("{9A19103F-16F7-4668-BE54-9A1E7A4F7556}") = "Marain.UserNotifications.ApiDeliveryChannel.Host", "Marain.UserNotifications.ApiDeliveryChannel.Host\Marain.UserNotifications.ApiDeliveryChannel.Host.csproj", "{F105DB6A-EA75-44EC-8675-69201C981ED1}"
EndProject
Project("{9A19103F-16F7-4668-BE54-9A1E7A4F7556}") = "Marain.UserNotifications.Hosting.AspNetCore", "Marain.UserNotifications.Hosting.AspNetCore\Marain.UserNotifications.Hosting.AspNetCore.csproj", "{757E23A7-F479-4126-9967-D6FD112025DD}"
EndProject
Project("{9A19103F-16F7-4668-BE54-9A1E7A4F7556}") = "Marain.UserNotifications.Benchmarks", "Marain.UserNotifications.Benchmarks\Marain.UserNotifications.Benchmarks.csproj", "{66638B1A-B225-4EB3-811C-D41E72BEABA6}"
EndProject
Project("{9A19103F-16F7-4668-BE54-9A1E7A4F7556}") = "Marain.UserNotifications.Abstractions", "Marain.UserNotifications.Abstractions\Marain.UserNotifications.Abstractions.csproj", "{83186152-DCB8-4AED-97DD-F1E73E8C8BDA}"
EndProject
Project("{9A19103F-16F7-4668-BE54-9A1E7A4F7556}") = "Marain.UserNotifications.Storage.AzureTable", "Marain.UserNotifications.Storage.AzureTable\Marain.UserNotifications.Storage.AzureTable.csproj", "{5ADAFB44-8434-4EC3-89C7-D5963FBA8B7C}"
EndProject
Project("{9A19103F-16F7-4668-BE54-9A1E7A4F7556}") = "Marain.UserNotifications.Client", "Marain.UserNotifications.Client\Marain.UserNotifications.Client.csproj", "{5AE3D18F-5C27-462A-B6DF-80F05A5ED99E}"
EndProject
Project("{9A19103F-16F7-4668-BE54-9A1E7A4F7556}") = "Marain.UserNotifications.Deployment", "Marain.UserNotifications.Deployment\Marain.UserNotifications.Deployment.csproj", "{795A7A4B-C140-44D4-A2F2-2F97BFE20B41}"
EndProject
Project("{2150E333-8FDC-42A3-9474-1A3956D46DE8}") = "Service Definitions", "Service Definitions", "{85F0FC1A-5883-4BF5-B033-B6BDFF097D67}"
	ProjectSection(SolutionItems) = preProject
		Service Definitions\ApiDeliveryChannelService.yaml = Service Definitions\ApiDeliveryChannelService.yaml
		Service Definitions\ManagementService.yaml = Service Definitions\ManagementService.yaml
	EndProjectSection
EndProject
Project("{FAE04EC0-301F-11D3-BF4B-00C04F79EFBC}") = "Marain.UserNotifications.ThirdParty.DeliveryChannels", "Marain.UserNotifications.ThirdParty.DeliveryChannels\Marain.UserNotifications.ThirdParty.DeliveryChannels.csproj", "{931D12B2-D18D-4662-9C46-233D6D345C2E}"
EndProject
Global
	GlobalSection(SolutionConfigurationPlatforms) = preSolution
		Debug|Any CPU = Debug|Any CPU
		Release|Any CPU = Release|Any CPU
	EndGlobalSection
	GlobalSection(ProjectConfigurationPlatforms) = postSolution
		{0D6840EB-A5D1-403E-B502-723AAF4C5688}.Debug|Any CPU.ActiveCfg = Debug|Any CPU
		{0D6840EB-A5D1-403E-B502-723AAF4C5688}.Debug|Any CPU.Build.0 = Debug|Any CPU
		{0D6840EB-A5D1-403E-B502-723AAF4C5688}.Release|Any CPU.ActiveCfg = Release|Any CPU
		{0D6840EB-A5D1-403E-B502-723AAF4C5688}.Release|Any CPU.Build.0 = Release|Any CPU
		{CA016EE2-2435-4E6D-B30D-27E545D24719}.Debug|Any CPU.ActiveCfg = Debug|Any CPU
		{CA016EE2-2435-4E6D-B30D-27E545D24719}.Debug|Any CPU.Build.0 = Debug|Any CPU
		{CA016EE2-2435-4E6D-B30D-27E545D24719}.Release|Any CPU.ActiveCfg = Release|Any CPU
		{CA016EE2-2435-4E6D-B30D-27E545D24719}.Release|Any CPU.Build.0 = Release|Any CPU
		{0177A15F-8354-421D-AB5E-435115865630}.Debug|Any CPU.ActiveCfg = Debug|Any CPU
		{0177A15F-8354-421D-AB5E-435115865630}.Debug|Any CPU.Build.0 = Debug|Any CPU
		{0177A15F-8354-421D-AB5E-435115865630}.Release|Any CPU.ActiveCfg = Release|Any CPU
		{0177A15F-8354-421D-AB5E-435115865630}.Release|Any CPU.Build.0 = Release|Any CPU
		{F105DB6A-EA75-44EC-8675-69201C981ED1}.Debug|Any CPU.ActiveCfg = Debug|Any CPU
		{F105DB6A-EA75-44EC-8675-69201C981ED1}.Debug|Any CPU.Build.0 = Debug|Any CPU
		{F105DB6A-EA75-44EC-8675-69201C981ED1}.Release|Any CPU.ActiveCfg = Release|Any CPU
		{F105DB6A-EA75-44EC-8675-69201C981ED1}.Release|Any CPU.Build.0 = Release|Any CPU
		{757E23A7-F479-4126-9967-D6FD112025DD}.Debug|Any CPU.ActiveCfg = Debug|Any CPU
		{757E23A7-F479-4126-9967-D6FD112025DD}.Debug|Any CPU.Build.0 = Debug|Any CPU
		{757E23A7-F479-4126-9967-D6FD112025DD}.Release|Any CPU.ActiveCfg = Release|Any CPU
		{757E23A7-F479-4126-9967-D6FD112025DD}.Release|Any CPU.Build.0 = Release|Any CPU
		{66638B1A-B225-4EB3-811C-D41E72BEABA6}.Debug|Any CPU.ActiveCfg = Debug|Any CPU
		{66638B1A-B225-4EB3-811C-D41E72BEABA6}.Debug|Any CPU.Build.0 = Debug|Any CPU
		{66638B1A-B225-4EB3-811C-D41E72BEABA6}.Release|Any CPU.ActiveCfg = Release|Any CPU
		{66638B1A-B225-4EB3-811C-D41E72BEABA6}.Release|Any CPU.Build.0 = Release|Any CPU
		{83186152-DCB8-4AED-97DD-F1E73E8C8BDA}.Debug|Any CPU.ActiveCfg = Debug|Any CPU
		{83186152-DCB8-4AED-97DD-F1E73E8C8BDA}.Debug|Any CPU.Build.0 = Debug|Any CPU
		{83186152-DCB8-4AED-97DD-F1E73E8C8BDA}.Release|Any CPU.ActiveCfg = Release|Any CPU
		{83186152-DCB8-4AED-97DD-F1E73E8C8BDA}.Release|Any CPU.Build.0 = Release|Any CPU
		{5ADAFB44-8434-4EC3-89C7-D5963FBA8B7C}.Debug|Any CPU.ActiveCfg = Debug|Any CPU
		{5ADAFB44-8434-4EC3-89C7-D5963FBA8B7C}.Debug|Any CPU.Build.0 = Debug|Any CPU
		{5ADAFB44-8434-4EC3-89C7-D5963FBA8B7C}.Release|Any CPU.ActiveCfg = Release|Any CPU
		{5ADAFB44-8434-4EC3-89C7-D5963FBA8B7C}.Release|Any CPU.Build.0 = Release|Any CPU
		{5AE3D18F-5C27-462A-B6DF-80F05A5ED99E}.Debug|Any CPU.ActiveCfg = Debug|Any CPU
		{5AE3D18F-5C27-462A-B6DF-80F05A5ED99E}.Debug|Any CPU.Build.0 = Debug|Any CPU
		{5AE3D18F-5C27-462A-B6DF-80F05A5ED99E}.Release|Any CPU.ActiveCfg = Release|Any CPU
		{5AE3D18F-5C27-462A-B6DF-80F05A5ED99E}.Release|Any CPU.Build.0 = Release|Any CPU
		{795A7A4B-C140-44D4-A2F2-2F97BFE20B41}.Debug|Any CPU.ActiveCfg = Debug|Any CPU
		{795A7A4B-C140-44D4-A2F2-2F97BFE20B41}.Debug|Any CPU.Build.0 = Debug|Any CPU
		{795A7A4B-C140-44D4-A2F2-2F97BFE20B41}.Release|Any CPU.ActiveCfg = Release|Any CPU
		{795A7A4B-C140-44D4-A2F2-2F97BFE20B41}.Release|Any CPU.Build.0 = Release|Any CPU
		{931D12B2-D18D-4662-9C46-233D6D345C2E}.Debug|Any CPU.ActiveCfg = Debug|Any CPU
		{931D12B2-D18D-4662-9C46-233D6D345C2E}.Debug|Any CPU.Build.0 = Debug|Any CPU
		{931D12B2-D18D-4662-9C46-233D6D345C2E}.Release|Any CPU.ActiveCfg = Release|Any CPU
		{931D12B2-D18D-4662-9C46-233D6D345C2E}.Release|Any CPU.Build.0 = Release|Any CPU
	EndGlobalSection
	GlobalSection(SolutionProperties) = preSolution
		HideSolutionNode = FALSE
	EndGlobalSection
	GlobalSection(NestedProjects) = preSolution
		{0177A15F-8354-421D-AB5E-435115865630} = {F87FC0E4-B4B0-4165-AA2F-C0E4E184E1AA}
		{F105DB6A-EA75-44EC-8675-69201C981ED1} = {F87FC0E4-B4B0-4165-AA2F-C0E4E184E1AA}
		{757E23A7-F479-4126-9967-D6FD112025DD} = {F87FC0E4-B4B0-4165-AA2F-C0E4E184E1AA}
		{5AE3D18F-5C27-462A-B6DF-80F05A5ED99E} = {F87FC0E4-B4B0-4165-AA2F-C0E4E184E1AA}
		{795A7A4B-C140-44D4-A2F2-2F97BFE20B41} = {97C784FC-DAF6-4C04-B588-70C01245FC61}
	EndGlobalSection
	GlobalSection(ExtensibilityGlobals) = postSolution
		SolutionGuid = {118CE49C-AEFC-4868-B468-18749ADC3FC1}
	EndGlobalSection
EndGlobal
